
Microsoft Visual Studio Solution File, Format Version 12.00
# Visual Studio Version 16
VisualStudioVersion = 16.0.30204.135
MinimumVisualStudioVersion = 10.0.40219.1
Project("{FAE04EC0-301F-11D3-BF4B-00C04F79EFBC}") = "BinaryTreeDepathAdvancedAlgoritem", "BinaryTreeDepathAdvancedAlgoritem\BinaryTreeDepathAdvancedAlgoritem.csproj", "{99E9CAFD-FD52-4C4F-BB4F-46B843950415}"
EndProject
Global
	GlobalSection(SolutionConfigurationPlatforms) = preSolution
		Debug|Any CPU = Debug|Any CPU
		Release|Any CPU = Release|Any CPU
	EndGlobalSection
	GlobalSection(ProjectConfigurationPlatforms) = postSolution
		{99E9CAFD-FD52-4C4F-BB4F-46B843950415}.Debug|Any CPU.ActiveCfg = Debug|Any CPU
		{99E9CAFD-FD52-4C4F-BB4F-46B843950415}.Debug|Any CPU.Build.0 = Debug|Any CPU
		{99E9CAFD-FD52-4C4F-BB4F-46B843950415}.Release|Any CPU.ActiveCfg = Release|Any CPU
		{99E9CAFD-FD52-4C4F-BB4F-46B843950415}.Release|Any CPU.Build.0 = Release|Any CPU
	EndGlobalSection
	GlobalSection(SolutionProperties) = preSolution
		HideSolutionNode = FALSE
	EndGlobalSection
	GlobalSection(ExtensibilityGlobals) = postSolution
		SolutionGuid = {5990F716-D09F-4CA0-ACCE-80C4423DA62D}
	EndGlobalSection
EndGlobal
